
Microsoft Visual Studio Solution File, Format Version 12.00
# Visual Studio Version 17
VisualStudioVersion = 17.3.32825.248
MinimumVisualStudioVersion = 10.0.40219.1
Project("{FAE04EC0-301F-11D3-BF4B-00C04F79EFBC}") = "AccountAPP", "AccountAPP.csproj", "{2E60091E-0FB8-47F2-B323-D366DC7A8722}"
EndProject
Global
	GlobalSection(SolutionConfigurationPlatforms) = preSolution
		Debug|Any CPU = Debug|Any CPU
		Release|Any CPU = Release|Any CPU
	EndGlobalSection
	GlobalSection(ProjectConfigurationPlatforms) = postSolution
		{2E60091E-0FB8-47F2-B323-D366DC7A8722}.Debug|Any CPU.ActiveCfg = Debug|Any CPU
		{2E60091E-0FB8-47F2-B323-D366DC7A8722}.Debug|Any CPU.Build.0 = Debug|Any CPU
		{2E60091E-0FB8-47F2-B323-D366DC7A8722}.Release|Any CPU.ActiveCfg = Release|Any CPU
		{2E60091E-0FB8-47F2-B323-D366DC7A8722}.Release|Any CPU.Build.0 = Release|Any CPU
	EndGlobalSection
	GlobalSection(SolutionProperties) = preSolution
		HideSolutionNode = FALSE
	EndGlobalSection
	GlobalSection(ExtensibilityGlobals) = postSolution
		SolutionGuid = {A016C22B-35B4-4900-BE33-24CB1D4FD85C}
	EndGlobalSection
EndGlobal
